
Microsoft Visual Studio Solution File, Format Version 12.00
# Visual Studio 14
VisualStudioVersion = 14.0.24720.0
MinimumVisualStudioVersion = 10.0.40219.1
Project("{FAE04EC0-301F-11D3-BF4B-00C04F79EFBC}") = "ApiRedContactos", "ApiRedContactos\ApiRedContactos.csproj", "{B2CE4318-83F7-4968-AE67-5232B7E48587}"
EndProject
Project("{FAE04EC0-301F-11D3-BF4B-00C04F79EFBC}") = "RepositorioAdapter", "RepositorioAdapter\RepositorioAdapter.csproj", "{2E80D160-4D3E-412B-A056-5DA8C525E49E}"
EndProject
Project("{FAE04EC0-301F-11D3-BF4B-00C04F79EFBC}") = "ContactosModel", "ContactosModel\ContactosModel.csproj", "{A11FB854-1459-4032-B88F-002731328EC3}"
EndProject
Global
	GlobalSection(SolutionConfigurationPlatforms) = preSolution
		Debug|Any CPU = Debug|Any CPU
		Release|Any CPU = Release|Any CPU
	EndGlobalSection
	GlobalSection(ProjectConfigurationPlatforms) = postSolution
		{B2CE4318-83F7-4968-AE67-5232B7E48587}.Debug|Any CPU.ActiveCfg = Debug|Any CPU
		{B2CE4318-83F7-4968-AE67-5232B7E48587}.Debug|Any CPU.Build.0 = Debug|Any CPU
		{B2CE4318-83F7-4968-AE67-5232B7E48587}.Release|Any CPU.ActiveCfg = Release|Any CPU
		{B2CE4318-83F7-4968-AE67-5232B7E48587}.Release|Any CPU.Build.0 = Release|Any CPU
		{2E80D160-4D3E-412B-A056-5DA8C525E49E}.Debug|Any CPU.ActiveCfg = Debug|Any CPU
		{2E80D160-4D3E-412B-A056-5DA8C525E49E}.Debug|Any CPU.Build.0 = Debug|Any CPU
		{2E80D160-4D3E-412B-A056-5DA8C525E49E}.Release|Any CPU.ActiveCfg = Release|Any CPU
		{2E80D160-4D3E-412B-A056-5DA8C525E49E}.Release|Any CPU.Build.0 = Release|Any CPU
		{A11FB854-1459-4032-B88F-002731328EC3}.Debug|Any CPU.ActiveCfg = Debug|Any CPU
		{A11FB854-1459-4032-B88F-002731328EC3}.Debug|Any CPU.Build.0 = Debug|Any CPU
		{A11FB854-1459-4032-B88F-002731328EC3}.Release|Any CPU.ActiveCfg = Release|Any CPU
		{A11FB854-1459-4032-B88F-002731328EC3}.Release|Any CPU.Build.0 = Release|Any CPU
	EndGlobalSection
	GlobalSection(SolutionProperties) = preSolution
		HideSolutionNode = FALSE
	EndGlobalSection
EndGlobal
